
Microsoft Visual Studio Solution File, Format Version 12.00
# Visual Studio 15
VisualStudioVersion = 15.0.28010.2003
MinimumVisualStudioVersion = 10.0.40219.1
Project("{FAE04EC0-301F-11D3-BF4B-00C04F79EFBC}") = "Intellipix", "Intellipix\Intellipix.csproj", "{F034AA8A-AD12-43ED-BB16-219EA83C7F5E}"
EndProject
Global
	GlobalSection(SolutionConfigurationPlatforms) = preSolution
		Debug|Any CPU = Debug|Any CPU
		Release|Any CPU = Release|Any CPU
	EndGlobalSection
	GlobalSection(ProjectConfigurationPlatforms) = postSolution
		{F034AA8A-AD12-43ED-BB16-219EA83C7F5E}.Debug|Any CPU.ActiveCfg = Debug|Any CPU
		{F034AA8A-AD12-43ED-BB16-219EA83C7F5E}.Debug|Any CPU.Build.0 = Debug|Any CPU
		{F034AA8A-AD12-43ED-BB16-219EA83C7F5E}.Release|Any CPU.ActiveCfg = Release|Any CPU
		{F034AA8A-AD12-43ED-BB16-219EA83C7F5E}.Release|Any CPU.Build.0 = Release|Any CPU
	EndGlobalSection
	GlobalSection(SolutionProperties) = preSolution
		HideSolutionNode = FALSE
	EndGlobalSection
	GlobalSection(ExtensibilityGlobals) = postSolution
		SolutionGuid = {A5C1F5B6-9993-4E4E-BC10-A65B04536770}
	EndGlobalSection
EndGlobal
